{
  "requires": true,
  "lockfileVersion": 1,
  "dependencies": {
    "async": {
      "version": "3.2.0",
      "resolved": "https://registry.npmjs.org/async/-/async-3.2.0.tgz",
      "integrity": "sha512-TR2mEZFVOj2pLStYxLht7TyfuRzaydfpxr3k9RpHIzMgw7A64dzsdqCxH1WJyQdoe8T10nDXd9wnEigmiuHIZw=="
    },
    "commander": {
      "version": "6.2.0",
      "resolved": "https://registry.npmjs.org/commander/-/commander-6.2.0.tgz",
      "integrity": "sha512-zP4jEKbe8SHzKJYQmq8Y9gYjtO/POJLgIdKgV7B9qNmABVFVc+ctqSX6iXh4mCpJfRBOabiZ2YKPg8ciDw6C+Q=="
    },
    "migrations": {
      "version": "1.0.0",
      "resolved": "https://registry.npmjs.org/migrations/-/migrations-1.0.0.tgz",
      "integrity": "sha512-H1Xx5R3+UynPUGqPn33nW9KG56zR7kC7iIegGVGuDBChcSABP7t4F19sRhead5dTZLPqJvNlSvhtFxYri6hYYA==",
      "requires": {
        "async": ">=0.9.0",
        "commander": ">=2.5.0"
      }
    }
  }
}
